
Microsoft Visual Studio Solution File, Format Version 12.00
# Visual Studio 2015
Project("{FAE04EC0-301F-11D3-BF4B-00C04F79EFBC}") = "VRTestHarness.CSharp", "VRTestHarness.CSharp.csproj", "{EFD6C7FD-9BD5-6CA6-13E4-31C524588B89}"
EndProject
Project("{FAE04EC0-301F-11D3-BF4B-00C04F79EFBC}") = "VRTestHarness.CSharp.Editor", "VRTestHarness.CSharp.Editor.csproj", "{11EBF9E7-3705-E43B-CEC3-BEF17D2492FC}"
EndProject
Global
	GlobalSection(SolutionConfigurationPlatforms) = preSolution
		Debug|Any CPU = Debug|Any CPU
		Release|Any CPU = Release|Any CPU
	EndGlobalSection
	GlobalSection(ProjectConfigurationPlatforms) = postSolution
		{EFD6C7FD-9BD5-6CA6-13E4-31C524588B89}.Debug|Any CPU.ActiveCfg = Debug|Any CPU
		{EFD6C7FD-9BD5-6CA6-13E4-31C524588B89}.Debug|Any CPU.Build.0 = Debug|Any CPU
		{EFD6C7FD-9BD5-6CA6-13E4-31C524588B89}.Release|Any CPU.ActiveCfg = Release|Any CPU
		{EFD6C7FD-9BD5-6CA6-13E4-31C524588B89}.Release|Any CPU.Build.0 = Release|Any CPU
		{11EBF9E7-3705-E43B-CEC3-BEF17D2492FC}.Debug|Any CPU.ActiveCfg = Debug|Any CPU
		{11EBF9E7-3705-E43B-CEC3-BEF17D2492FC}.Debug|Any CPU.Build.0 = Debug|Any CPU
		{11EBF9E7-3705-E43B-CEC3-BEF17D2492FC}.Release|Any CPU.ActiveCfg = Release|Any CPU
		{11EBF9E7-3705-E43B-CEC3-BEF17D2492FC}.Release|Any CPU.Build.0 = Release|Any CPU
	EndGlobalSection
	GlobalSection(SolutionProperties) = preSolution
		HideSolutionNode = FALSE
	EndGlobalSection
EndGlobal
